
Microsoft Visual Studio Solution File, Format Version 12.00
# Visual Studio 15
VisualStudioVersion = 15.0.28010.2046
MinimumVisualStudioVersion = 10.0.40219.1
Project("{FAE04EC0-301F-11D3-BF4B-00C04F79EFBC}") = "Threads", "Threads\Threads.csproj", "{48FC4BB0-69B0-445E-A7D4-28067ADB6F95}"
EndProject
Global
	GlobalSection(SolutionConfigurationPlatforms) = preSolution
		Debug|Any CPU = Debug|Any CPU
		Release|Any CPU = Release|Any CPU
	EndGlobalSection
	GlobalSection(ProjectConfigurationPlatforms) = postSolution
		{48FC4BB0-69B0-445E-A7D4-28067ADB6F95}.Debug|Any CPU.ActiveCfg = Debug|Any CPU
		{48FC4BB0-69B0-445E-A7D4-28067ADB6F95}.Debug|Any CPU.Build.0 = Debug|Any CPU
		{48FC4BB0-69B0-445E-A7D4-28067ADB6F95}.Release|Any CPU.ActiveCfg = Release|Any CPU
		{48FC4BB0-69B0-445E-A7D4-28067ADB6F95}.Release|Any CPU.Build.0 = Release|Any CPU
	EndGlobalSection
	GlobalSection(SolutionProperties) = preSolution
		HideSolutionNode = FALSE
	EndGlobalSection
	GlobalSection(ExtensibilityGlobals) = postSolution
		SolutionGuid = {B93B8118-DEFD-46CA-9D91-C0660803D9DE}
	EndGlobalSection
EndGlobal
