
Microsoft Visual Studio Solution File, Format Version 12.00
# Visual Studio 15
VisualStudioVersion = 15.0.28010.2046
MinimumVisualStudioVersion = 10.0.40219.1
Project("{FAE04EC0-301F-11D3-BF4B-00C04F79EFBC}") = "AccesoBBDD", "AccesoBBDD\AccesoBBDD.csproj", "{946A69C2-165E-44E1-B400-B0279AD59372}"
EndProject
Global
	GlobalSection(SolutionConfigurationPlatforms) = preSolution
		Debug|Any CPU = Debug|Any CPU
		Release|Any CPU = Release|Any CPU
	EndGlobalSection
	GlobalSection(ProjectConfigurationPlatforms) = postSolution
		{946A69C2-165E-44E1-B400-B0279AD59372}.Debug|Any CPU.ActiveCfg = Debug|Any CPU
		{946A69C2-165E-44E1-B400-B0279AD59372}.Debug|Any CPU.Build.0 = Debug|Any CPU
		{946A69C2-165E-44E1-B400-B0279AD59372}.Release|Any CPU.ActiveCfg = Release|Any CPU
		{946A69C2-165E-44E1-B400-B0279AD59372}.Release|Any CPU.Build.0 = Release|Any CPU
	EndGlobalSection
	GlobalSection(SolutionProperties) = preSolution
		HideSolutionNode = FALSE
	EndGlobalSection
	GlobalSection(ExtensibilityGlobals) = postSolution
		SolutionGuid = {899BE0DE-D938-4048-97CF-AD6631A3C75D}
	EndGlobalSection
EndGlobal
