
Microsoft Visual Studio Solution File, Format Version 12.00
# Visual Studio 15
VisualStudioVersion = 15.0.28010.2046
MinimumVisualStudioVersion = 10.0.40219.1
Project("{FAE04EC0-301F-11D3-BF4B-00C04F79EFBC}") = "RepublicSystemClasses", "RepublicSystemClasses\RepublicSystemClasses.csproj", "{0DCD8956-A5E1-4202-9CD1-6C0A5D3984CE}"
EndProject
Project("{FAE04EC0-301F-11D3-BF4B-00C04F79EFBC}") = "PlanetForm", "..\PlanetForm\PlanetForm\PlanetForm.csproj", "{8E5DECE0-12B1-4425-BC6F-531C7B557F37}"
EndProject
Global
	GlobalSection(SolutionConfigurationPlatforms) = preSolution
		Debug|Any CPU = Debug|Any CPU
		Release|Any CPU = Release|Any CPU
	EndGlobalSection
	GlobalSection(ProjectConfigurationPlatforms) = postSolution
		{0DCD8956-A5E1-4202-9CD1-6C0A5D3984CE}.Debug|Any CPU.ActiveCfg = Debug|Any CPU
		{0DCD8956-A5E1-4202-9CD1-6C0A5D3984CE}.Debug|Any CPU.Build.0 = Debug|Any CPU
		{0DCD8956-A5E1-4202-9CD1-6C0A5D3984CE}.Release|Any CPU.ActiveCfg = Release|Any CPU
		{0DCD8956-A5E1-4202-9CD1-6C0A5D3984CE}.Release|Any CPU.Build.0 = Release|Any CPU
		{8E5DECE0-12B1-4425-BC6F-531C7B557F37}.Debug|Any CPU.ActiveCfg = Debug|Any CPU
		{8E5DECE0-12B1-4425-BC6F-531C7B557F37}.Debug|Any CPU.Build.0 = Debug|Any CPU
		{8E5DECE0-12B1-4425-BC6F-531C7B557F37}.Release|Any CPU.ActiveCfg = Release|Any CPU
		{8E5DECE0-12B1-4425-BC6F-531C7B557F37}.Release|Any CPU.Build.0 = Release|Any CPU
	EndGlobalSection
	GlobalSection(SolutionProperties) = preSolution
		HideSolutionNode = FALSE
	EndGlobalSection
	GlobalSection(ExtensibilityGlobals) = postSolution
		SolutionGuid = {9A4F2AE0-4F24-47FB-837D-2AC6B9E84E7A}
	EndGlobalSection
EndGlobal
