
Microsoft Visual Studio Solution File, Format Version 12.00
# Visual Studio 15
VisualStudioVersion = 15.0.28010.2046
MinimumVisualStudioVersion = 10.0.40219.1
Project("{FAE04EC0-301F-11D3-BF4B-00C04F79EFBC}") = "WindowsFormsApp1", "WindowsFormsApp1\WindowsFormsApp1.csproj", "{776FA1AA-021B-4974-9B0F-026ECEF18C96}"
EndProject
Project("{9A19103F-16F7-4668-BE54-9A1E7A4F7556}") = "Cliente_Nave", "..\..\..\Documents\Git\sds_pacs\RepublicSystem_FNATIK\Cliente_Nave\Cliente_Nave\Cliente_Nave.csproj", "{6FBB040E-8090-483A-B7E5-A4684BF9918A}"
EndProject
Global
	GlobalSection(SolutionConfigurationPlatforms) = preSolution
		Debug|Any CPU = Debug|Any CPU
		Release|Any CPU = Release|Any CPU
	EndGlobalSection
	GlobalSection(ProjectConfigurationPlatforms) = postSolution
		{776FA1AA-021B-4974-9B0F-026ECEF18C96}.Debug|Any CPU.ActiveCfg = Debug|Any CPU
		{776FA1AA-021B-4974-9B0F-026ECEF18C96}.Debug|Any CPU.Build.0 = Debug|Any CPU
		{776FA1AA-021B-4974-9B0F-026ECEF18C96}.Release|Any CPU.ActiveCfg = Release|Any CPU
		{776FA1AA-021B-4974-9B0F-026ECEF18C96}.Release|Any CPU.Build.0 = Release|Any CPU
		{6FBB040E-8090-483A-B7E5-A4684BF9918A}.Debug|Any CPU.ActiveCfg = Debug|Any CPU
		{6FBB040E-8090-483A-B7E5-A4684BF9918A}.Debug|Any CPU.Build.0 = Debug|Any CPU
		{6FBB040E-8090-483A-B7E5-A4684BF9918A}.Release|Any CPU.ActiveCfg = Release|Any CPU
		{6FBB040E-8090-483A-B7E5-A4684BF9918A}.Release|Any CPU.Build.0 = Release|Any CPU
	EndGlobalSection
	GlobalSection(SolutionProperties) = preSolution
		HideSolutionNode = FALSE
	EndGlobalSection
	GlobalSection(ExtensibilityGlobals) = postSolution
		SolutionGuid = {F2663E84-B64E-4A7F-BAB6-7D9CEE3388DD}
	EndGlobalSection
EndGlobal
